
Microsoft Visual Studio Solution File, Format Version 12.00
# Visual Studio 15
VisualStudioVersion = 15.0.28307.421
MinimumVisualStudioVersion = 10.0.40219.1
Project("{FAE04EC0-301F-11D3-BF4B-00C04F79EFBC}") = "req1", "Car-pooling1\req1.csproj", "{C9C7D69E-FD1C-4E3F-9A4F-974CE8AAA311}"
EndProject
Project("{FAE04EC0-301F-11D3-BF4B-00C04F79EFBC}") = "req5", "req5\req5.csproj", "{726B5F66-D39A-4D62-B506-1F88B4B74E4A}"
EndProject
Global
	GlobalSection(SolutionConfigurationPlatforms) = preSolution
		Debug|Any CPU = Debug|Any CPU
		Release|Any CPU = Release|Any CPU
	EndGlobalSection
	GlobalSection(ProjectConfigurationPlatforms) = postSolution
		{C9C7D69E-FD1C-4E3F-9A4F-974CE8AAA311}.Debug|Any CPU.ActiveCfg = Debug|Any CPU
		{C9C7D69E-FD1C-4E3F-9A4F-974CE8AAA311}.Debug|Any CPU.Build.0 = Debug|Any CPU
		{C9C7D69E-FD1C-4E3F-9A4F-974CE8AAA311}.Release|Any CPU.ActiveCfg = Release|Any CPU
		{C9C7D69E-FD1C-4E3F-9A4F-974CE8AAA311}.Release|Any CPU.Build.0 = Release|Any CPU
		{726B5F66-D39A-4D62-B506-1F88B4B74E4A}.Debug|Any CPU.ActiveCfg = Debug|Any CPU
		{726B5F66-D39A-4D62-B506-1F88B4B74E4A}.Debug|Any CPU.Build.0 = Debug|Any CPU
		{726B5F66-D39A-4D62-B506-1F88B4B74E4A}.Release|Any CPU.ActiveCfg = Release|Any CPU
		{726B5F66-D39A-4D62-B506-1F88B4B74E4A}.Release|Any CPU.Build.0 = Release|Any CPU
	EndGlobalSection
	GlobalSection(SolutionProperties) = preSolution
		HideSolutionNode = FALSE
	EndGlobalSection
	GlobalSection(ExtensibilityGlobals) = postSolution
		SolutionGuid = {2B560005-065F-4230-8FEA-AA2853C155E8}
	EndGlobalSection
EndGlobal
